// !$*UTF8*$!
{
	archiveVersion = 1;
	classes = {
	};
	objectVersion = 50;
	objects = {

/* Begin PBXBuildFile section */
		32E66F3B20C04D2200FB811B /* AppDelegate.m in Sources */ = {isa = PBXBuildFile; fileRef = 32E66F3A20C04D2200FB811B /* AppDelegate.m */; };
		32E66F3E20C04D2200FB811B /* ViewController.m in Sources */ = {isa = PBXBuildFile; fileRef = 32E66F3D20C04D2200FB811B /* ViewController.m */; };
		32E66F4120C04D2200FB811B /* Main.storyboard in Resources */ = {isa = PBXBuildFile; fileRef = 32E66F3F20C04D2200FB811B /* Main.storyboard */; };
		32E66F4320C04D2400FB811B /* Assets.xcassets in Resources */ = {isa = PBXBuildFile; fileRef = 32E66F4220C04D2400FB811B /* Assets.xcassets */; };
		32E66F4620C04D2400FB811B /* LaunchScreen.storyboard in Resources */ = {isa = PBXBuildFile; fileRef = 32E66F4420C04D2400FB811B /* LaunchScreen.storyboard */; };
		32E66F4920C04D2400FB811B /* main.m in Sources */ = {isa = PBXBuildFile; fileRef = 32E66F4820C04D2400FB811B /* main.m */; };
		32E66F5120C05CCC00FB811B /* Downloader.m in Sources */ = {isa = PBXBuildFile; fileRef = 32E66F5020C05CCC00FB811B /* Downloader.m */; };
/* End PBXBuildFile section */

/* Begin PBXFileReference section */
		32E66F3620C04D2200FB811B /* asyncDownloadingtest.app */ = {isa = PBXFileReference; explicitFileType = wrapper.application; includeInIndex = 0; path = asyncDownloadingtest.app; sourceTree = BUILT_PRODUCTS_DIR; };
		32E66F3920C04D2200FB811B /* AppDelegate.h */ = {isa = PBXFileReference; lastKnownFileType = sourcecode.c.h; path = AppDelegate.h; sourceTree = "<group>"; };
		32E66F3A20C04D2200FB811B /* AppDelegate.m */ = {isa = PBXFileReference; lastKnownFileType = sourcecode.c.objc; path = AppDelegate.m; sourceTree = "<group>"; };
		32E66F3C20C04D2200FB811B /* ViewController.h */ = {isa = PBXFileReference; lastKnownFileType = sourcecode.c.h; path = ViewController.h; sourceTree = "<group>"; };
		32E66F3D20C04D2200FB811B /* ViewController.m */ = {isa = PBXFileReference; lastKnownFileType = sourcecode.c.objc; path = ViewController.m; sourceTree = "<group>"; };
		32E66F4020C04D2200FB811B /* Base */ = {isa = PBXFileReference; lastKnownFileType = file.storyboard; name = Base; path = Base.lproj/Main.storyboard; sourceTree = "<group>"; };
		32E66F4220C04D2400FB811B /* Assets.xcassets */ = {isa = PBXFileReference; lastKnownFileType = folder.assetcatalog; path = Assets.xcassets; sourceTree = "<group>"; };
		32E66F4520C04D2400FB811B /* Base */ = {isa = PBXFileReference; lastKnownFileType = file.storyboard; name = Base; path = Base.lproj/LaunchScreen.storyboard; sourceTree = "<group>"; };
		32E66F4720C04D2400FB811B /* Info.plist */ = {isa = PBXFileReference; lastKnownFileType = text.plist.xml; path = Info.plist; sourceTree = "<group>"; };
		32E66F4820C04D2400FB811B /* main.m */ = {isa = PBXFileReference; lastKnownFileType = sourcecode.c.objc; path = main.m; sourceTree = "<group>"; };
		32E66F4F20C05CCC00FB811B /* Downloader.h */ = {isa = PBXFileReference; lastKnownFileType = sourcecode.c.h; path = Downloader.h; sourceTree = "<group>"; };
		32E66F5020C05CCC00FB811B /* Downloader.m */ = {isa = PBXFileReference; lastKnownFileType = sourcecode.c.objc; path = Downloader.m; sourceTree = "<group>"; };
/* End PBXFileReference section */

/* Begin PBXFrameworksBuildPhase section */
		32E66F3320C04D2200FB811B /* Frameworks */ = {
			isa = PBXFrameworksBuildPhase;
			buildActionMask = 2147483647;
			files = (
			);
			runOnlyForDeploymentPostprocessing = 0;
		};
/* End PBXFrameworksBuildPhase section */

/* Begin PBXGroup section */
		32E66F2D20C04D2200FB811B = {
			isa = PBXGroup;
			children = (
				32E66F3820C04D2200FB811B /* asyncDownloadingtest */,
				32E66F3720C04D2200FB811B /* Products */,
			);
			sourceTree = "<group>";
		};
		32E66F3720C04D2200FB811B /* Products */ = {
			isa = PBXGroup;
			children = (
				32E66F3620C04D2200FB811B /* asyncDownloadingtest.app */,
			);
			name = Products;
			sourceTree = "<group>";
		};
		32E66F3820C04D2200FB811B /* asyncDownloadingtest */ = {
			isa = PBXGroup;
			children = (
				32E66F4F20C05CCC00FB811B /* Downloader.h */,
				32E66F5020C05CCC00FB811B /* Downloader.m */,
				32E66F3920C04D2200FB811B /* AppDelegate.h */,
				32E66F3A20C04D2200FB811B /* AppDelegate.m */,
				32E66F3C20C04D2200FB811B /* ViewController.h */,
				32E66F3D20C04D2200FB811B /* ViewController.m */,
				32E66F3F20C04D2200FB811B /* Main.storyboard */,
				32E66F4220C04D2400FB811B /* Assets.xcassets */,
				32E66F4420C04D2400FB811B /* LaunchScreen.storyboard */,
				32E66F4720C04D2400FB811B /* Info.plist */,
				32E66F4820C04D2400FB811B /* main.m */,
			);
			path = asyncDownloadingtest;
			sourceTree = "<group>";
		};
/* End PBXGroup section */

/* Begin PBXNativeTarget section */
		32E66F3520C04D2200FB811B /* asyncDownloadingtest */ = {
			isa = PBXNativeTarget;
			buildConfigurationList = 32E66F4C20C04D2400FB811B /* Build configuration list for PBXNativeTarget "asyncDownloadingtest" */;
			buildPhases = (
				32E66F3220C04D2200FB811B /* Sources */,
				32E66F3320C04D2200FB811B /* Frameworks */,
				32E66F3420C04D2200FB811B /* Resources */,
			);
			buildRules = (
			);
			dependencies = (
			);
			name = asyncDownloadingtest;
			productName = asyncDownloadingtest;
			productReference = 32E66F3620C04D2200FB811B /* asyncDownloadingtest.app */;
			productType = "com.apple.product-type.application";
		};
/* End PBXNativeTarget section */

/* Begin PBXProject section */
		32E66F2E20C04D2200FB811B /* Project object */ = {
			isa = PBXProject;
			attributes = {
				LastUpgradeCheck = 0930;
				ORGANIZATIONNAME = "Dmitriy Tarelkin";
				TargetAttributes = {
					32E66F3520C04D2200FB811B = {
						CreatedOnToolsVersion = 9.3.1;
					};
				};
			};
			buildConfigurationList = 32E66F3120C04D2200FB811B /* Build configuration list for PBXProject "asyncDownloadingtest" */;
			compatibilityVersion = "Xcode 9.3";
			developmentRegion = en;
			hasScannedForEncodings = 0;
			knownRegions = (
				en,
				Base,
			);
			mainGroup = 32E66F2D20C04D2200FB811B;
			productRefGroup = 32E66F3720C04D2200FB811B /* Products */;
			projectDirPath = "";
			projectRoot = "";
			targets = (
				32E66F3520C04D2200FB811B /* asyncDownloadingtest */,
			);
		};
/* End PBXProject section */

/* Begin PBXResourcesBuildPhase section */
		32E66F3420C04D2200FB811B /* Resources */ = {
			isa = PBXResourcesBuildPhase;
			buildActionMask = 2147483647;
			files = (
				32E66F4620C04D2400FB811B /* LaunchScreen.storyboard in Resources */,
				32E66F4320C04D2400FB811B /* Assets.xcassets in Resources */,
				32E66F4120C04D2200FB811B /* Main.storyboard in Resources */,
			);
			runOnlyForDeploymentPostprocessing = 0;
		};
/* End PBXResourcesBuildPhase section */

/* Begin PBXSourcesBuildPhase section */
		32E66F3220C04D2200FB811B /* Sources */ = {
			isa = PBXSourcesBuildPhase;
			buildActionMask = 2147483647;
			files = (
				32E66F3E20C04D2200FB811B /* ViewController.m in Sources */,
				32E66F4920C04D2400FB811B /* main.m in Sources */,
				32E66F5120C05CCC00FB811B /* Downloader.m in Sources */,
				32E66F3B20C04D2200FB811B /* AppDelegate.m in Sources */,
			);
			runOnlyForDeploymentPostprocessing = 0;
		};
/* End PBXSourcesBuildPhase section */

/* Begin PBXVariantGroup section */
		32E66F3F20C04D2200FB811B /* Main.storyboard */ = {
			isa = PBXVariantGroup;
			children = (
				32E66F4020C04D2200FB811B /* Base */,
			);
			name = Main.storyboard;
			sourceTree = "<group>";
		};
		32E66F4420C04D2400FB811B /* LaunchScreen.storyboard */ = {
			isa = PBXVariantGroup;
			children = (
				32E66F4520C04D2400FB811B /* Base */,
			);
			name = LaunchScreen.storyboard;
			sourceTree = "<group>";
		};
/* End PBXVariantGroup section */

/* Begin XCBuildConfiguration section */
		32E66F4A20C04D2400FB811B /* Debug */ = {
			isa = XCBuildConfiguration;
			buildSettings = {
				ALWAYS_SEARCH_USER_PATHS = NO;
				CLANG_ANALYZER_NONNULL = YES;
				CLANG_ANALYZER_NUMBER_OBJECT_CONVERSION = YES_AGGRESSIVE;
				CLANG_CXX_LANGUAGE_STANDARD = "gnu++14";
				CLANG_CXX_LIBRARY = "libc++";
				CLANG_ENABLE_MODULES = YES;
				CLANG_ENABLE_OBJC_ARC = NO;
				CLANG_ENABLE_OBJC_WEAK = YES;
				CLANG_WARN_BLOCK_CAPTURE_AUTORELEASING = YES;
				CLANG_WARN_BOOL_CONVERSION = YES;
				CLANG_WARN_COMMA = YES;
				CLANG_WARN_CONSTANT_CONVERSION = YES;
				CLANG_WARN_DEPRECATED_OBJC_IMPLEMENTATIONS = YES;
				CLANG_WARN_DIRECT_OBJC_ISA_USAGE = YES_ERROR;
				CLANG_WARN_DOCUMENTATION_COMMENTS = YES;
				CLANG_WARN_EMPTY_BODY = YES;
				CLANG_WARN_ENUM_CONVERSION = YES;
				CLANG_WARN_INFINITE_RECURSION = YES;
				CLANG_WARN_INT_CONVERSION = YES;
				CLANG_WARN_NON_LITERAL_NULL_CONVERSION = YES;
				CLANG_WARN_OBJC_IMPLICIT_RETAIN_SELF = YES;
				CLANG_WARN_OBJC_LITERAL_CONVERSION = YES;
				CLANG_WARN_OBJC_ROOT_CLASS = YES_ERROR;
				CLANG_WARN_RANGE_LOOP_ANALYSIS = YES;
				CLANG_WARN_STRICT_PROTOTYPES = YES;
				CLANG_WARN_SUSPICIOUS_MOVE = YES;
				CLANG_WARN_UNGUARDED_AVAILABILITY = YES_AGGRESSIVE;
				CLANG_WARN_UNREACHABLE_CODE = YES;
				CLANG_WARN__DUPLICATE_METHOD_MATCH = YES;
				CODE_SIGN_IDENTITY = "iPhone Developer";
				COPY_PHASE_STRIP = NO;
				DEBUG_INFORMATION_FORMAT = dwarf;
				ENABLE_STRICT_OBJC_MSGSEND = YES;
				ENABLE_TESTABILITY = YES;
				GCC_C_LANGUAGE_STANDARD = gnu11;
				GCC_DYNAMIC_NO_PIC = NO;
				GCC_NO_COMMON_BLOCKS = YES;
				GCC_OPTIMIZATION_LEVEL = 0;
				GCC_PREPROCESSOR_DEFINITIONS = (
					"DEBUG=1",
					"$(inherited)",
				);
				GCC_WARN_64_TO_32_BIT_CONVERSION = YES;
				GCC_WARN_ABOUT_RETURN_TYPE = YES_ERROR;
				GCC_WARN_UNDECLARED_SELECTOR = YES;
				GCC_WARN_UNINITIALIZED_AUTOS = YES_AGGRESSIVE;
				GCC_WARN_UNUSED_FUNCTION = YES;
				GCC_WARN_UNUSED_VARIABLE = YES;
				IPHONEOS_DEPLOYMENT_TARGET = 11.3;
				MTL_ENABLE_DEBUG_INFO = YES;
				ONLY_ACTIVE_ARCH = YES;
				SDKROOT = iphoneos;
			};
			name = Debug;
		};
		32E66F4B20C04D2400FB811B /* Release */ = {
			isa = XCBuildConfiguration;
			buildSettings = {
				ALWAYS_SEARCH_USER_PATHS = NO;
				CLANG_ANALYZER_NONNULL = YES;
				CLANG_ANALYZER_NUMBER_OBJECT_CONVERSION = YES_AGGRESSIVE;
				CLANG_CXX_LANGUAGE_STANDARD = "gnu++14";
				CLANG_CXX_LIBRARY = "libc++";
				CLANG_ENABLE_MODULES = YES;
				CLANG_ENABLE_OBJC_ARC = NO;
				CLANG_ENABLE_OBJC_WEAK = YES;
				CLANG_WARN_BLOCK_CAPTURE_AUTORELEASING = YES;
				CLANG_WARN_BOOL_CONVERSION = YES;
				CLANG_WARN_COMMA = YES;
				CLANG_WARN_CONSTANT_CONVERSION = YES;
				CLANG_WARN_DEPRECATED_OBJC_IMPLEMENTATIONS = YES;
				CLANG_WARN_DIRECT_OBJC_ISA_USAGE = YES_ERROR;
				CLANG_WARN_DOCUMENTATION_COMMENTS = YES;
				CLANG_WARN_EMPTY_BODY = YES;
				CLANG_WARN_ENUM_CONVERSION = YES;
				CLANG_WARN_INFINITE_RECURSION = YES;
				CLANG_WARN_INT_CONVERSION = YES;
				CLANG_WARN_NON_LITERAL_NULL_CONVERSION = YES;
				CLANG_WARN_OBJC_IMPLICIT_RETAIN_SELF = YES;
				CLANG_WARN_OBJC_LITERAL_CONVERSION = YES;
				CLANG_WARN_OBJC_ROOT_CLASS = YES_ERROR;
				CLANG_WARN_RANGE_LOOP_ANALYSIS = YES;
				CLANG_WARN_STRICT_PROTOTYPES = YES;
				CLANG_WARN_SUSPICIOUS_MOVE = YES;
				CLANG_WARN_UNGUARDED_AVAILABILITY = YES_AGGRESSIVE;
				CLANG_WARN_UNREACHABLE_CODE = YES;
				CLANG_WARN__DUPLICATE_METHOD_MATCH = YES;
				CODE_SIGN_IDENTITY = "iPhone Developer";
				COPY_PHASE_STRIP = NO;
				DEBUG_INFORMATION_FORMAT = "dwarf-with-dsym";
				ENABLE_NS_ASSERTIONS = NO;
				ENABLE_STRICT_OBJC_MSGSEND = YES;
				GCC_C_LANGUAGE_STANDARD = gnu11;
				GCC_NO_COMMON_BLOCKS = YES;
				GCC_WARN_64_TO_32_BIT_CONVERSION = YES;
				GCC_WARN_ABOUT_RETURN_TYPE = YES_ERROR;
				GCC_WARN_UNDECLARED_SELECTOR = YES;
				GCC_WARN_UNINITIALIZED_AUTOS = YES_AGGRESSIVE;
				GCC_WARN_UNUSED_FUNCTION = YES;
				GCC_WARN_UNUSED_VARIABLE = YES;
				IPHONEOS_DEPLOYMENT_TARGET = 11.3;
				MTL_ENABLE_DEBUG_INFO = NO;
				SDKROOT = iphoneos;
				VALIDATE_PRODUCT = YES;
			};
			name = Release;
		};
		32E66F4D20C04D2400FB811B /* Debug */ = {
			isa = XCBuildConfiguration;
			buildSettings = {
				ASSETCATALOG_COMPILER_APPICON_NAME = AppIcon;
				CLANG_ENABLE_OBJC_ARC = NO;
				CODE_SIGN_STYLE = Automatic;
				DEVELOPMENT_TEAM = 29ALX3W56Z;
				INFOPLIST_FILE = asyncDownloadingtest/Info.plist;
				LD_RUNPATH_SEARCH_PATHS = (
					"$(inherited)",
					"@executable_path/Frameworks",
				);
				PRODUCT_BUNDLE_IDENTIFIER = dimadimapractice.asyncDownloadingtest;
				PRODUCT_NAME = "$(TARGET_NAME)";
				TARGETED_DEVICE_FAMILY = "1,2";
			};
			name = Debug;
		};
		32E66F4E20C04D2400FB811B /* Release */ = {
			isa = XCBuildConfiguration;
			buildSettings = {
				ASSETCATALOG_COMPILER_APPICON_NAME = AppIcon;
				CLANG_ENABLE_OBJC_ARC = NO;
				CODE_SIGN_STYLE = Automatic;
				DEVELOPMENT_TEAM = 29ALX3W56Z;
				INFOPLIST_FILE = asyncDownloadingtest/Info.plist;
				LD_RUNPATH_SEARCH_PATHS = (
					"$(inherited)",
					"@executable_path/Frameworks",
				);
				PRODUCT_BUNDLE_IDENTIFIER = dimadimapractice.asyncDownloadingtest;
				PRODUCT_NAME = "$(TARGET_NAME)";
				TARGETED_DEVICE_FAMILY = "1,2";
			};
			name = Release;
		};
/* End XCBuildConfiguration section */

/* Begin XCConfigurationList section */
		32E66F3120C04D2200FB811B /* Build configuration list for PBXProject "asyncDownloadingtest" */ = {
			isa = XCConfigurationList;
			buildConfigurations = (
				32E66F4A20C04D2400FB811B /* Debug */,
				32E66F4B20C04D2400FB811B /* Release */,
			);
			defaultConfigurationIsVisible = 0;
			defaultConfigurationName = Release;
		};
		32E66F4C20C04D2400FB811B /* Build configuration list for PBXNativeTarget "asyncDownloadingtest" */ = {
			isa = XCConfigurationList;
			buildConfigurations = (
				32E66F4D20C04D2400FB811B /* Debug */,
				32E66F4E20C04D2400FB811B /* Release */,
			);
			defaultConfigurationIsVisible = 0;
			defaultConfigurationName = Release;
		};
/* End XCConfigurationList section */
	};
	rootObject = 32E66F2E20C04D2200FB811B /* Project object */;
}
